<?xml version="1.0" encoding="utf-8"?>
<Project ToolsVersion="4.0" xmlns="http://schemas.microsoft.com/developer/msbuild/2003">
  <ItemGroup>
    <Filter Include="ソース ファイル">
      <UniqueIdentifier>{4FC737F1-C7A5-4376-A066-2A32D752A2FF}</UniqueIdentifier>
      <Extensions>cpp;c;cc;cxx;c++;cppm;ixx;def;odl;idl;hpj;bat;asm;asmx</Extensions>
    </Filter>
    <Filter Include="ヘッダー ファイル">
      <UniqueIdentifier>{93995380-89BD-4b04-88EB-625FBE52EBFB}</UniqueIdentifier>
      <Extensions>h;hh;hpp;hxx;h++;hm;inl;inc;ipp;xsd</Extensions>
    </Filter>
    <Filter Include="imgui">
      <UniqueIdentifier>{447101c5-b2ef-4cb8-addd-b9672e728694}</UniqueIdentifier>
    </Filter>
    <Filter Include="ソース ファイル\3d">
      <UniqueIdentifier>{20b0100f-75a9-4eff-8ea7-7d6573527bba}</UniqueIdentifier>
    </Filter>
    <Filter Include="ヘッダー ファイル\3d">
      <UniqueIdentifier>{a05a41ea-4f1b-4bc1-99cd-316c89d5d33a}</UniqueIdentifier>
    </Filter>
    <Filter Include="ソース ファイル\Base">
      <UniqueIdentifier>{574f905d-4242-41ea-bf11-1c4708d97ae3}</UniqueIdentifier>
    </Filter>
    <Filter Include="ソース ファイル\Base\GraphicsPipeline">
      <UniqueIdentifier>{0ae6f59c-2c7e-4a17-8144-61b346b0d4ff}</UniqueIdentifier>
    </Filter>
    <Filter Include="ソース ファイル\Math">
      <UniqueIdentifier>{d43ca315-7c93-4f09-8bd7-11aa6e3e6d72}</UniqueIdentifier>
    </Filter>
    <Filter Include="ソース ファイル\Scene">
      <UniqueIdentifier>{a6e1cd55-5481-4792-b29d-7ec4f475fe9b}</UniqueIdentifier>
    </Filter>
    <Filter Include="ヘッダー ファイル\Base">
      <UniqueIdentifier>{71f8edba-9708-451e-a26f-88b2fd000c68}</UniqueIdentifier>
    </Filter>
    <Filter Include="ヘッダー ファイル\Base\ConstantBuffer">
      <UniqueIdentifier>{2586de3b-a9b3-48af-8673-5fa59185e7cf}</UniqueIdentifier>
    </Filter>
    <Filter Include="ヘッダー ファイル\Base\GraphicsPipeline">
      <UniqueIdentifier>{3dedd729-df82-43e4-b358-1230a92d2613}</UniqueIdentifier>
    </Filter>
    <Filter Include="ヘッダー ファイル\Math">
      <UniqueIdentifier>{f8d6a516-cec7-400a-9b17-b6e1929897d7}</UniqueIdentifier>
    </Filter>
    <Filter Include="ヘッダー ファイル\Scene">
      <UniqueIdentifier>{75cffeec-c95d-4ac9-bb11-a8f918993995}</UniqueIdentifier>
    </Filter>
    <Filter Include="ヘッダー ファイル\Base\Model">
      <UniqueIdentifier>{1cff2d67-ba16-4114-8be6-92f2892aad2b}</UniqueIdentifier>
    </Filter>
    <Filter Include="ヘッダー ファイル\Base\Figure">
      <UniqueIdentifier>{c33b482c-df70-46f3-914a-4d5dd022c4fc}</UniqueIdentifier>
    </Filter>
    <Filter Include="ソース ファイル\Base\Model">
      <UniqueIdentifier>{a7a46f90-25f4-452c-bcb4-331caee956ae}</UniqueIdentifier>
    </Filter>
    <Filter Include="ソース ファイル\Base\Figure">
      <UniqueIdentifier>{8876adc9-e507-405f-aa45-ef1f92bbae77}</UniqueIdentifier>
    </Filter>
    <Filter Include="リソースファイル">
      <UniqueIdentifier>{507686b3-56f0-46f5-b6d2-2e378a332ef0}</UniqueIdentifier>
    </Filter>
  </ItemGroup>
  <ItemGroup>
    <ClCompile Include="main.cpp">
      <Filter>ソース ファイル</Filter>
    </ClCompile>
    <ClCompile Include="WinApp.cpp">
      <Filter>ソース ファイル\Base</Filter>
    </ClCompile>
    <ClCompile Include="DirectXCommon.cpp">
      <Filter>ソース ファイル\Base</Filter>
    </ClCompile>
    <ClCompile Include="externals\imgui\imgui.cpp">
      <Filter>imgui</Filter>
    </ClCompile>
    <ClCompile Include="externals\imgui\imgui_demo.cpp">
      <Filter>imgui</Filter>
    </ClCompile>
    <ClCompile Include="externals\imgui\imgui_draw.cpp">
      <Filter>imgui</Filter>
    </ClCompile>
    <ClCompile Include="externals\imgui\imgui_impl_dx12.cpp">
      <Filter>imgui</Filter>
    </ClCompile>
    <ClCompile Include="externals\imgui\imgui_impl_win32.cpp">
      <Filter>imgui</Filter>
    </ClCompile>
    <ClCompile Include="externals\imgui\imgui_tables.cpp">
      <Filter>imgui</Filter>
    </ClCompile>
    <ClCompile Include="externals\imgui\imgui_widgets.cpp">
      <Filter>imgui</Filter>
    </ClCompile>
    <ClCompile Include="WorldTransform.cpp">
      <Filter>ソース ファイル\3d</Filter>
    </ClCompile>
    <ClCompile Include="ViewProjection.cpp">
      <Filter>ソース ファイル\3d</Filter>
    </ClCompile>
    <ClCompile Include="Matrix4x4.cpp">
      <Filter>ソース ファイル\Math</Filter>
    </ClCompile>
    <ClCompile Include="GameScene.cpp">
      <Filter>ソース ファイル\Scene</Filter>
    </ClCompile>
    <ClCompile Include="BasicGraphicsPipline.cpp">
      <Filter>ソース ファイル\Base\GraphicsPipeline</Filter>
    </ClCompile>
    <ClCompile Include="ToonGraphicsPipline.cpp">
      <Filter>ソース ファイル\Base\GraphicsPipeline</Filter>
    </ClCompile>
    <ClCompile Include="CubeRenderer.cpp">
      <Filter>ソース ファイル\Base\Figure</Filter>
    </ClCompile>
    <ClCompile Include="OBJ.cpp">
      <Filter>ソース ファイル\Base\Figure</Filter>
    </ClCompile>
    <ClCompile Include="SphereRenderer.cpp">
      <Filter>ソース ファイル\Base\Figure</Filter>
    </ClCompile>
    <ClCompile Include="PlaneRenderer.cpp">
      <Filter>ソース ファイル\Base\Figure</Filter>
    </ClCompile>
    <ClCompile Include="PeraGraphicsPipeline.cpp">
      <Filter>ソース ファイル\Base\GraphicsPipeline</Filter>
    </ClCompile>
    <ClCompile Include="LineGraphicsPipline.cpp">
      <Filter>ソース ファイル\Base\GraphicsPipeline</Filter>
    </ClCompile>
    <ClCompile Include="PrimitiveDrawer.cpp">
      <Filter>ソース ファイル\Base\Figure</Filter>
    </ClCompile>
    <ClCompile Include="Sprite.cpp">
      <Filter>ソース ファイル\Base\Figure</Filter>
    </ClCompile>
    <ClCompile Include="SpriteGraphicsPipline.cpp">
      <Filter>ソース ファイル\Base\GraphicsPipeline</Filter>
    </ClCompile>
    <ClCompile Include="MyMath.cpp">
      <Filter>ソース ファイル\Math</Filter>
    </ClCompile>
    <ClCompile Include="Material.cpp">
      <Filter>ソース ファイル\Base\Model</Filter>
    </ClCompile>
    <ClCompile Include="Mesh.cpp">
      <Filter>ソース ファイル\Base\Model</Filter>
    </ClCompile>
    <ClCompile Include="Model.cpp">
      <Filter>ソース ファイル\Base\Model</Filter>
    </ClCompile>
    <ClCompile Include="Audio.cpp">
      <Filter>ソース ファイル\Base</Filter>
    </ClCompile>
    <ClCompile Include="ConvertString.cpp">
      <Filter>ソース ファイル\Base</Filter>
    </ClCompile>
    <ClCompile Include="DebugCamera.cpp">
      <Filter>ソース ファイル\Base</Filter>
    </ClCompile>
    <ClCompile Include="ImGuiManager.cpp">
      <Filter>ソース ファイル\Base</Filter>
    </ClCompile>
    <ClCompile Include="Input.cpp">
      <Filter>ソース ファイル\Base</Filter>
    </ClCompile>
    <ClCompile Include="TextureManager.cpp">
      <Filter>ソース ファイル\Base</Filter>
    </ClCompile>
    <ClCompile Include="Draw.cpp">
      <Filter>ソース ファイル\Base</Filter>
    </ClCompile>
  </ItemGroup>
  <ItemGroup>
    <ClInclude Include="WinApp.h">
      <Filter>ヘッダー ファイル\Base</Filter>
    </ClInclude>
    <ClInclude Include="DirectXCommon.h">
      <Filter>ヘッダー ファイル\Base</Filter>
    </ClInclude>
    <ClInclude Include="externals\imgui\imconfig.h">
      <Filter>imgui</Filter>
    </ClInclude>
    <ClInclude Include="externals\imgui\imgui.h">
      <Filter>imgui</Filter>
    </ClInclude>
    <ClInclude Include="externals\imgui\imgui_impl_dx12.h">
      <Filter>imgui</Filter>
    </ClInclude>
    <ClInclude Include="externals\imgui\imgui_impl_win32.h">
      <Filter>imgui</Filter>
    </ClInclude>
    <ClInclude Include="externals\imgui\imgui_internal.h">
      <Filter>imgui</Filter>
    </ClInclude>
    <ClInclude Include="externals\imgui\imstb_rectpack.h">
      <Filter>imgui</Filter>
    </ClInclude>
    <ClInclude Include="externals\imgui\imstb_textedit.h">
      <Filter>imgui</Filter>
    </ClInclude>
    <ClInclude Include="externals\imgui\imstb_truetype.h">
      <Filter>imgui</Filter>
    </ClInclude>
    <ClInclude Include="Matrix4x4.h">
      <Filter>ヘッダー ファイル\Math</Filter>
    </ClInclude>
    <ClInclude Include="Vector2.h">
      <Filter>ヘッダー ファイル\Math</Filter>
    </ClInclude>
    <ClInclude Include="Vector3.h">
      <Filter>ヘッダー ファイル\Math</Filter>
    </ClInclude>
    <ClInclude Include="Vector4.h">
      <Filter>ヘッダー ファイル\Math</Filter>
    </ClInclude>
    <ClInclude Include="ViewProjection.h">
      <Filter>ヘッダー ファイル\3d</Filter>
    </ClInclude>
    <ClInclude Include="WorldTransform.h">
      <Filter>ヘッダー ファイル\3d</Filter>
    </ClInclude>
    <ClInclude Include="GameScene.h">
      <Filter>ヘッダー ファイル\Scene</Filter>
    </ClInclude>
    <ClInclude Include="cVertexPos.h">
      <Filter>ヘッダー ファイル\Base\ConstantBuffer</Filter>
    </ClInclude>
    <ClInclude Include="cMaterial.h">
      <Filter>ヘッダー ファイル\Base\ConstantBuffer</Filter>
    </ClInclude>
    <ClInclude Include="cDirectionalLight.h">
      <Filter>ヘッダー ファイル\Base\ConstantBuffer</Filter>
    </ClInclude>
    <ClInclude Include="ToonGraphicsPipline.h">
      <Filter>ヘッダー ファイル\Base\GraphicsPipeline</Filter>
    </ClInclude>
    <ClInclude Include="CubeRenderer.h">
      <Filter>ヘッダー ファイル\Base\Figure</Filter>
    </ClInclude>
    <ClInclude Include="OBJ.h">
      <Filter>ヘッダー ファイル\Base\Figure</Filter>
    </ClInclude>
    <ClInclude Include="SphereRenderer.h">
      <Filter>ヘッダー ファイル\Base\Figure</Filter>
    </ClInclude>
    <ClInclude Include="PlaneRenderer.h">
      <Filter>ヘッダー ファイル\Base\Figure</Filter>
    </ClInclude>
    <ClInclude Include="PeraGraphicsPipeline.h">
      <Filter>ヘッダー ファイル\Base\GraphicsPipeline</Filter>
    </ClInclude>
    <ClInclude Include="LineGraphicsPipline.h">
      <Filter>ヘッダー ファイル\Base\GraphicsPipeline</Filter>
    </ClInclude>
    <ClInclude Include="PrimitiveDrawer.h">
      <Filter>ヘッダー ファイル\Base\Figure</Filter>
    </ClInclude>
    <ClInclude Include="Sprite.h">
      <Filter>ヘッダー ファイル\Base\Figure</Filter>
    </ClInclude>
    <ClInclude Include="SpriteGraphicsPipline.h">
      <Filter>ヘッダー ファイル\Base\GraphicsPipeline</Filter>
    </ClInclude>
    <ClInclude Include="BasicGraphicsPipline.h">
      <Filter>ヘッダー ファイル\Base\GraphicsPipeline</Filter>
    </ClInclude>
    <ClInclude Include="MyMath.h">
      <Filter>ヘッダー ファイル\Math</Filter>
    </ClInclude>
    <ClInclude Include="Line.h">
      <Filter>ヘッダー ファイル\Base\Figure</Filter>
    </ClInclude>
    <ClInclude Include="AABB.h">
      <Filter>ヘッダー ファイル\Base\Figure</Filter>
    </ClInclude>
    <ClInclude Include="Plane.h">
      <Filter>ヘッダー ファイル\Base\Figure</Filter>
    </ClInclude>
    <ClInclude Include="Sphere.h">
      <Filter>ヘッダー ファイル\Base\Figure</Filter>
    </ClInclude>
    <ClInclude Include="OBB.h">
      <Filter>ヘッダー ファイル\Base\Figure</Filter>
    </ClInclude>
    <ClInclude Include="Model.h">
      <Filter>ヘッダー ファイル\Base\Model</Filter>
    </ClInclude>
    <ClInclude Include="Mesh.h">
      <Filter>ヘッダー ファイル\Base\Model</Filter>
    </ClInclude>
    <ClInclude Include="Material.h">
      <Filter>ヘッダー ファイル\Base\Model</Filter>
    </ClInclude>
    <ClInclude Include="Audio.h">
      <Filter>ヘッダー ファイル\Base</Filter>
    </ClInclude>
    <ClInclude Include="ConvertString.h">
      <Filter>ヘッダー ファイル\Base</Filter>
    </ClInclude>
    <ClInclude Include="DebugCamera.h">
      <Filter>ヘッダー ファイル\Base</Filter>
    </ClInclude>
    <ClInclude Include="ImGuiManager.h">
      <Filter>ヘッダー ファイル\Base</Filter>
    </ClInclude>
    <ClInclude Include="Input.h">
      <Filter>ヘッダー ファイル\Base</Filter>
    </ClInclude>
    <ClInclude Include="TextureManager.h">
      <Filter>ヘッダー ファイル\Base</Filter>
    </ClInclude>
    <ClInclude Include="SafeDelete.h">
      <Filter>ヘッダー ファイル\Base</Filter>
    </ClInclude>
    <ClInclude Include="BillParticle.h">
      <Filter>ヘッダー ファイル\Base</Filter>
    </ClInclude>
    <ClInclude Include="Draw.h">
      <Filter>ヘッダー ファイル\Base</Filter>
    </ClInclude>
    <ClInclude Include="Triangle.h">
      <Filter>ヘッダー ファイル\Base\Figure</Filter>
    </ClInclude>
  </ItemGroup>
  <ItemGroup>
    <Text Include="externals\imgui\LICENSE.txt">
      <Filter>imgui</Filter>
    </Text>
  </ItemGroup>
  <ItemGroup>
    <None Include="Resources\Shaders\Basic.hlsli">
      <Filter>リソースファイル</Filter>
    </None>
    <None Include="Resources\Shaders\Lighting.hlsli">
      <Filter>リソースファイル</Filter>
    </None>
    <None Include="Resources\Shaders\Line.hlsli">
      <Filter>リソースファイル</Filter>
    </None>
    <None Include="Resources\Shaders\OBJ.hlsli">
      <Filter>リソースファイル</Filter>
    </None>
    <None Include="Resources\Shaders\Pera.hlsli">
      <Filter>リソースファイル</Filter>
    </None>
    <None Include="Resources\Shaders\Sprite.hlsli">
      <Filter>リソースファイル</Filter>
    </None>
    <None Include="Resources\Shaders\VertexShaderOutput.hlsli">
      <Filter>リソースファイル</Filter>
    </None>
  </ItemGroup>
  <ItemGroup>
    <FxCompile Include="Resources\Shaders\Basic.PS.hlsl">
      <Filter>リソースファイル</Filter>
    </FxCompile>
    <FxCompile Include="Resources\Shaders\Basic.VS.hlsl">
      <Filter>リソースファイル</Filter>
    </FxCompile>
    <FxCompile Include="Resources\Shaders\Lighting.PS.hlsl">
      <Filter>リソースファイル</Filter>
    </FxCompile>
    <FxCompile Include="Resources\Shaders\Lighting.VS.hlsl">
      <Filter>リソースファイル</Filter>
    </FxCompile>
    <FxCompile Include="Resources\Shaders\Line.PS.hlsl">
      <Filter>リソースファイル</Filter>
    </FxCompile>
    <FxCompile Include="Resources\Shaders\Line.VS.hlsl">
      <Filter>リソースファイル</Filter>
    </FxCompile>
    <FxCompile Include="Resources\Shaders\OBJ.PS.hlsl">
      <Filter>リソースファイル</Filter>
    </FxCompile>
    <FxCompile Include="Resources\Shaders\OBJ.VS.hlsl">
      <Filter>リソースファイル</Filter>
    </FxCompile>
    <FxCompile Include="Resources\Shaders\Pera.PS.hlsl">
      <Filter>リソースファイル</Filter>
    </FxCompile>
    <FxCompile Include="Resources\Shaders\Pera.VS.hlsl">
      <Filter>リソースファイル</Filter>
    </FxCompile>
    <FxCompile Include="Resources\Shaders\Sprite.PS.hlsl">
      <Filter>リソースファイル</Filter>
    </FxCompile>
    <FxCompile Include="Resources\Shaders\Sprite.VS.hlsl">
      <Filter>リソースファイル</Filter>
    </FxCompile>
    <FxCompile Include="Resources\Shaders\Toon.PS.hlsl">
      <Filter>リソースファイル</Filter>
    </FxCompile>
    <FxCompile Include="Resources\Shaders\Toon.VS.hlsl">
      <Filter>リソースファイル</Filter>
    </FxCompile>
  </ItemGroup>
</Project>