<?xml version="1.0" encoding="utf-8"?>
<Project ToolsVersion="4.0" xmlns="http://schemas.microsoft.com/developer/msbuild/2003">
  <ItemGroup>
    <FxCompile Include="Resources\Shaders\Basic.PS.hlsl" />
    <FxCompile Include="Resources\Shaders\Basic.VS.hlsl" />
    <FxCompile Include="Resources\Shaders\Lighting.PS.hlsl" />
    <FxCompile Include="Resources\Shaders\Lighting.VS.hlsl" />
    <FxCompile Include="Resources\Shaders\Line.PS.hlsl" />
    <FxCompile Include="Resources\Shaders\Line.VS.hlsl" />
    <FxCompile Include="Resources\Shaders\OBJ.PS.hlsl" />
    <FxCompile Include="Resources\Shaders\OBJ.VS.hlsl" />
    <FxCompile Include="Resources\Shaders\Pera.PS.hlsl" />
    <FxCompile Include="Resources\Shaders\Pera.VS.hlsl" />
    <FxCompile Include="Resources\Shaders\Sprite.PS.hlsl" />
    <FxCompile Include="Resources\Shaders\Sprite.VS.hlsl" />
    <FxCompile Include="Resources\Shaders\Toon.PS.hlsl" />
    <FxCompile Include="Resources\Shaders\Toon.VS.hlsl" />
  </ItemGroup>
  <ItemGroup>
    <ClCompile Include="Audio.cpp" />
    <ClCompile Include="BackGround.cpp" />
    <ClCompile Include="BasicGraphicsPipline.cpp" />
    <ClCompile Include="Boss.cpp" />
    <ClCompile Include="Collider.cpp" />
    <ClCompile Include="Collision.cpp" />
    <ClCompile Include="CollisionManager.cpp" />
    <ClCompile Include="ConvertString.cpp" />
    <ClCompile Include="CSV.cpp" />
    <ClCompile Include="CubeRenderer.cpp" />
    <ClCompile Include="DebugCamera.cpp" />
    <ClCompile Include="DirectXCommon.cpp" />
    <ClCompile Include="Draw.cpp" />
    <ClCompile Include="Enemy.cpp" />
    <ClCompile Include="EnemyBullet.cpp" />
    <ClCompile Include="EnemyBulletManager.cpp" />
    <ClCompile Include="EnemyEditor.cpp" />
    <ClCompile Include="EnemyManager.cpp" />
    <ClCompile Include="externals\imgui\imgui.cpp" />
    <ClCompile Include="externals\imgui\imgui_demo.cpp" />
    <ClCompile Include="externals\imgui\imgui_draw.cpp" />
    <ClCompile Include="externals\imgui\imgui_impl_dx12.cpp" />
    <ClCompile Include="externals\imgui\imgui_impl_win32.cpp" />
    <ClCompile Include="externals\imgui\imgui_tables.cpp" />
    <ClCompile Include="externals\imgui\imgui_widgets.cpp" />
    <ClCompile Include="FollowCamera.cpp" />
    <ClCompile Include="Frame.cpp" />
    <ClCompile Include="Game\Function\Fade.cpp" />
    <ClCompile Include="Game\Manager\SceneManager.cpp" />
    <ClCompile Include="Game\Scene\GameClear.cpp" />
    <ClCompile Include="Game\Scene\GameOver.cpp" />
    <ClCompile Include="Game\Scene\GameScene.cpp" />
    <ClCompile Include="Game\Scene\IScene.cpp" />
    <ClCompile Include="Game\Scene\TitleScene.cpp" />
    <ClCompile Include="ImGuiManager.cpp" />
    <ClCompile Include="Input.cpp" />
    <ClCompile Include="MyMath.cpp" />
    <ClCompile Include="Player.cpp" />
    <ClCompile Include="PlayerBullet.cpp" />
    <ClCompile Include="PlayerBulletManager.cpp" />
    <ClCompile Include="PlayerJump.cpp" />
    <ClCompile Include="PlayerLanding.cpp" />
    <ClCompile Include="PlayerMove.cpp" />
    <ClCompile Include="PlayerPullingMove.cpp" />
    <ClCompile Include="PlayerString.cpp" />
    <ClCompile Include="PlayerStun.cpp" />
    <ClCompile Include="PrimitiveDrawer.cpp" />
    <ClCompile Include="LineGraphicsPipline.cpp" />
    <ClCompile Include="main.cpp" />
    <ClCompile Include="Material.cpp" />
    <ClCompile Include="Matrix4x4.cpp" />
    <ClCompile Include="Mesh.cpp" />
    <ClCompile Include="Model.cpp" />
    <ClCompile Include="OBJ.cpp" />
    <ClCompile Include="PeraGraphicsPipeline.cpp" />
    <ClCompile Include="Scene.cpp" />
    <ClCompile Include="SphereRenderer.cpp" />
    <ClCompile Include="PlaneRenderer.cpp" />
    <ClCompile Include="Sprite.cpp" />
    <ClCompile Include="SpriteGraphicsPipline.cpp" />
    <ClCompile Include="TextureManager.cpp" />
    <ClCompile Include="ToonGraphicsPipline.cpp" />
    <ClCompile Include="Uvula.cpp" />
    <ClCompile Include="ViewProjection.cpp" />
    <ClCompile Include="WinApp.cpp" />
    <ClCompile Include="WorldTransform.cpp" />
  </ItemGroup>
  <ItemGroup>
    <ClInclude Include="AABB.h" />
    <ClInclude Include="Audio.h" />
    <ClInclude Include="BackGround.h" />
    <ClInclude Include="BasicGraphicsPipline.h" />
    <ClInclude Include="BillParticle.h" />
    <ClInclude Include="Boss.h" />
    <ClInclude Include="Collider.h" />
    <ClInclude Include="Collision.h" />
    <ClInclude Include="CollisionManager.h" />
    <ClInclude Include="ConvertString.h" />
    <ClInclude Include="CSV.h" />
    <ClInclude Include="CubeRenderer.h" />
    <ClInclude Include="DebugCamera.h" />
    <ClInclude Include="cDirectionalLight.h" />
    <ClInclude Include="DirectXCommon.h" />
    <ClInclude Include="Draw.h" />
    <ClInclude Include="Enemy.h" />
    <ClInclude Include="EnemyBullet.h" />
    <ClInclude Include="EnemyBulletManager.h" />
    <ClInclude Include="EnemyEditor.h" />
    <ClInclude Include="EnemyManager.h" />
    <ClInclude Include="externals\imgui\imconfig.h" />
    <ClInclude Include="externals\imgui\imgui.h" />
    <ClInclude Include="externals\imgui\imgui_impl_dx12.h" />
    <ClInclude Include="externals\imgui\imgui_impl_win32.h" />
    <ClInclude Include="externals\imgui\imgui_internal.h" />
    <ClInclude Include="externals\imgui\imstb_rectpack.h" />
    <ClInclude Include="externals\imgui\imstb_textedit.h" />
    <ClInclude Include="externals\imgui\imstb_truetype.h" />
    <ClInclude Include="FollowCamera.h" />
    <ClInclude Include="Frame.h" />
    <ClInclude Include="Game\Function\Fade.h" />
    <ClInclude Include="Game\Manager\SceneManager.h" />
    <ClInclude Include="Game\Scene\GameClear.h" />
    <ClInclude Include="Game\Scene\GameOver.h" />
    <ClInclude Include="Game\Scene\GameScene.h" />
    <ClInclude Include="Game\Scene\IScene.h" />
    <ClInclude Include="Game\Scene\TitleScene.h" />
    <ClInclude Include="ImGuiManager.h" />
    <ClInclude Include="Input.h" />
    <ClInclude Include="cMaterial.h" />
    <ClInclude Include="Line.h" />
    <ClInclude Include="MyMath.h" />
    <ClInclude Include="OBB.h" />
    <ClInclude Include="Plane.h" />
    <ClInclude Include="Player.h" />
    <ClInclude Include="PlayerBullet.h" />
    <ClInclude Include="PlayerBulletManager.h" />
    <ClInclude Include="PlayerJump.h" />
    <ClInclude Include="PlayerLanding.h" />
    <ClInclude Include="PlayerMove.h" />
    <ClInclude Include="PlayerPullingMove.h" />
    <ClInclude Include="PlayerString.h" />
    <ClInclude Include="PlayerStun.h" />
    <ClInclude Include="PrimitiveDrawer.h" />
    <ClInclude Include="LineGraphicsPipline.h" />
    <ClInclude Include="Material.h" />
    <ClInclude Include="Matrix4x4.h" />
    <ClInclude Include="Mesh.h" />
    <ClInclude Include="Model.h" />
    <ClInclude Include="OBJ.h" />
    <ClInclude Include="PeraGraphicsPipeline.h" />
    <ClInclude Include="Random.h" />
    <ClInclude Include="SafeDelete.h" />
    <ClInclude Include="Scene.h" />
    <ClInclude Include="Sphere.h" />
    <ClInclude Include="SphereRenderer.h" />
    <ClInclude Include="PlaneRenderer.h" />
    <ClInclude Include="Sprite.h" />
    <ClInclude Include="SpriteGraphicsPipline.h" />
    <ClInclude Include="TextureManager.h" />
    <ClInclude Include="ToonGraphicsPipline.h" />
    <ClInclude Include="Triangle.h" />
    <ClInclude Include="Uvula.h" />
    <ClInclude Include="Vector2.h" />
    <ClInclude Include="Vector3.h" />
    <ClInclude Include="Vector4.h" />
    <ClInclude Include="ViewProjection.h" />
    <ClInclude Include="WinApp.h" />
    <ClInclude Include="WorldTransform.h" />
    <ClInclude Include="cVertexPos.h" />
  </ItemGroup>
  <ItemGroup>
    <None Include="Resources\Shaders\Basic.hlsli" />
    <None Include="Resources\Shaders\Lighting.hlsli" />
    <None Include="Resources\Shaders\Line.hlsli" />
    <None Include="Resources\Shaders\OBJ.hlsli" />
    <None Include="Resources\Shaders\Pera.hlsli" />
    <None Include="Resources\Shaders\Sprite.hlsli" />
    <None Include="Resources\Shaders\VertexShaderOutput.hlsli" />
  </ItemGroup>
  <ItemGroup>
    <Text Include="externals\imgui\LICENSE.txt" />
  </ItemGroup>
</Project>